{
  "version": 4,
  "terraform_version": "1.5.7",
  "serial": 49,
  "lineage": "9318fe41-7596-64f3-9ae5-71679a601ab8",
  "outputs": {
    "rg_ids": {
      "value": [
        "/subscriptions/5e2b857b-b03f-4b45-9727-7f26004b8047/resourceGroups/jjcontoso_research_dev_rg",
        "/subscriptions/5e2b857b-b03f-4b45-9727-7f26004b8047/resourceGroups/jjcontoso_research_staging_rg",
        "/subscriptions/5e2b857b-b03f-4b45-9727-7f26004b8047/resourceGroups/jjcontoso_research_prod_rg"
      ],
      "type": [
        "tuple",
        [
          "string",
          "string",
          "string"
        ]
      ]
    }
  },
  "resources": [
    {
      "mode": "managed",
      "type": "azurerm_resource_group",
      "name": "rgs",
      "provider": "provider[\"registry.terraform.io/hashicorp/azurerm\"]",
      "instances": [
        {
          "index_key": 0,
          "schema_version": 0,
          "attributes": {
            "id": "/subscriptions/5e2b857b-b03f-4b45-9727-7f26004b8047/resourceGroups/jjcontoso_research_dev_rg",
            "location": "westus2",
            "name": "jjcontoso_research_dev_rg",
            "tags": {
              "cost_center": "jjcontoso research"
            },
            "timeouts": null
          },
          "sensitive_attributes": [],
          "private": "eyJlMmJmYjczMC1lY2FhLTExZTYtOGY4OC0zNDM2M2JjN2M0YzAiOnsiY3JlYXRlIjo1NDAwMDAwMDAwMDAwLCJkZWxldGUiOjU0MDAwMDAwMDAwMDAsInJlYWQiOjMwMDAwMDAwMDAwMCwidXBkYXRlIjo1NDAwMDAwMDAwMDAwfX0="
        },
        {
          "index_key": 1,
          "schema_version": 0,
          "attributes": {
            "id": "/subscriptions/5e2b857b-b03f-4b45-9727-7f26004b8047/resourceGroups/jjcontoso_research_staging_rg",
            "location": "westus2",
            "name": "jjcontoso_research_staging_rg",
            "tags": {
              "cost_center": "jjcontoso research"
            },
            "timeouts": null
          },
          "sensitive_attributes": [],
          "private": "eyJlMmJmYjczMC1lY2FhLTExZTYtOGY4OC0zNDM2M2JjN2M0YzAiOnsiY3JlYXRlIjo1NDAwMDAwMDAwMDAwLCJkZWxldGUiOjU0MDAwMDAwMDAwMDAsInJlYWQiOjMwMDAwMDAwMDAwMCwidXBkYXRlIjo1NDAwMDAwMDAwMDAwfX0="
        },
        {
          "index_key": 2,
          "schema_version": 0,
          "attributes": {
            "id": "/subscriptions/5e2b857b-b03f-4b45-9727-7f26004b8047/resourceGroups/jjcontoso_research_prod_rg",
            "location": "westus2",
            "name": "jjcontoso_research_prod_rg",
            "tags": {
              "cost_center": "jjcontoso research"
            },
            "timeouts": null
          },
          "sensitive_attributes": [],
          "private": "eyJlMmJmYjczMC1lY2FhLTExZTYtOGY4OC0zNDM2M2JjN2M0YzAiOnsiY3JlYXRlIjo1NDAwMDAwMDAwMDAwLCJkZWxldGUiOjU0MDAwMDAwMDAwMDAsInJlYWQiOjMwMDAwMDAwMDAwMCwidXBkYXRlIjo1NDAwMDAwMDAwMDAwfX0="
        }
      ]
    },
    {
      "mode": "managed",
      "type": "azurerm_virtual_network",
      "name": "vnets",
      "provider": "provider[\"registry.terraform.io/hashicorp/azurerm\"]",
      "instances": [
        {
          "index_key": 0,
          "schema_version": 0,
          "attributes": {
            "address_space": [
              "10.0.0.0/16"
            ],
            "bgp_community": "",
            "ddos_protection_plan": [],
            "dns_servers": [],
            "edge_zone": "",
            "flow_timeout_in_minutes": 0,
            "guid": "cfaba0c6-5ec6-4479-9624-de58952f5822",
            "id": "/subscriptions/5e2b857b-b03f-4b45-9727-7f26004b8047/resourceGroups/jjcontoso_research_dev_rg/providers/Microsoft.Network/virtualNetworks/dev_vnet",
            "location": "westus2",
            "name": "dev_vnet",
            "resource_group_name": "jjcontoso_research_dev_rg",
            "subnet": [],
            "tags": null,
            "timeouts": null
          },
          "sensitive_attributes": [],
          "private": "eyJlMmJmYjczMC1lY2FhLTExZTYtOGY4OC0zNDM2M2JjN2M0YzAiOnsiY3JlYXRlIjoxODAwMDAwMDAwMDAwLCJkZWxldGUiOjE4MDAwMDAwMDAwMDAsInJlYWQiOjMwMDAwMDAwMDAwMCwidXBkYXRlIjoxODAwMDAwMDAwMDAwfX0=",
          "dependencies": [
            "azurerm_resource_group.rgs"
          ]
        },
        {
          "index_key": 1,
          "schema_version": 0,
          "attributes": {
            "address_space": [
              "10.1.0.0/16"
            ],
            "bgp_community": "",
            "ddos_protection_plan": [],
            "dns_servers": [],
            "edge_zone": "",
            "flow_timeout_in_minutes": 0,
            "guid": "2a82e0ed-7539-4f45-9aaa-944304a74a6d",
            "id": "/subscriptions/5e2b857b-b03f-4b45-9727-7f26004b8047/resourceGroups/jjcontoso_research_staging_rg/providers/Microsoft.Network/virtualNetworks/staging_vnet",
            "location": "westus2",
            "name": "staging_vnet",
            "resource_group_name": "jjcontoso_research_staging_rg",
            "subnet": [],
            "tags": null,
            "timeouts": null
          },
          "sensitive_attributes": [],
          "private": "eyJlMmJmYjczMC1lY2FhLTExZTYtOGY4OC0zNDM2M2JjN2M0YzAiOnsiY3JlYXRlIjoxODAwMDAwMDAwMDAwLCJkZWxldGUiOjE4MDAwMDAwMDAwMDAsInJlYWQiOjMwMDAwMDAwMDAwMCwidXBkYXRlIjoxODAwMDAwMDAwMDAwfX0=",
          "dependencies": [
            "azurerm_resource_group.rgs"
          ]
        },
        {
          "index_key": 2,
          "schema_version": 0,
          "attributes": {
            "address_space": [
              "10.2.0.0/16"
            ],
            "bgp_community": "",
            "ddos_protection_plan": [],
            "dns_servers": [],
            "edge_zone": "",
            "flow_timeout_in_minutes": 0,
            "guid": "ec478dac-c7c4-4e4d-929b-4570afa517d6",
            "id": "/subscriptions/5e2b857b-b03f-4b45-9727-7f26004b8047/resourceGroups/jjcontoso_research_prod_rg/providers/Microsoft.Network/virtualNetworks/prod_vnet",
            "location": "westus2",
            "name": "prod_vnet",
            "resource_group_name": "jjcontoso_research_prod_rg",
            "subnet": [],
            "tags": null,
            "timeouts": null
          },
          "sensitive_attributes": [],
          "private": "eyJlMmJmYjczMC1lY2FhLTExZTYtOGY4OC0zNDM2M2JjN2M0YzAiOnsiY3JlYXRlIjoxODAwMDAwMDAwMDAwLCJkZWxldGUiOjE4MDAwMDAwMDAwMDAsInJlYWQiOjMwMDAwMDAwMDAwMCwidXBkYXRlIjoxODAwMDAwMDAwMDAwfX0=",
          "dependencies": [
            "azurerm_resource_group.rgs"
          ]
        }
      ]
    }
  ],
  "check_results": null
}
