{
  "version": 4,
  "terraform_version": "1.5.7",
  "serial": 24,
  "lineage": "9318fe41-7596-64f3-9ae5-71679a601ab8",
  "outputs": {
    "rg_ids": {
      "value": [
        "/subscriptions/5e2b857b-b03f-4b45-9727-7f26004b8047/resourceGroups/jjcontoso_research_dev_rg",
        "/subscriptions/5e2b857b-b03f-4b45-9727-7f26004b8047/resourceGroups/jjcontoso_research_staging_rg",
        "/subscriptions/5e2b857b-b03f-4b45-9727-7f26004b8047/resourceGroups/jjcontoso_research_prod_rg"
      ],
      "type": [
        "tuple",
        [
          "string",
          "string",
          "string"
        ]
      ]
    }
  },
  "resources": [
    {
      "mode": "managed",
      "type": "azurerm_resource_group",
      "name": "rgs",
      "provider": "provider[\"registry.terraform.io/hashicorp/azurerm\"]",
      "instances": [
        {
          "index_key": 0,
          "schema_version": 0,
          "attributes": {
            "id": "/subscriptions/5e2b857b-b03f-4b45-9727-7f26004b8047/resourceGroups/jjcontoso_research_dev_rg",
            "location": "westus2",
            "name": "jjcontoso_research_dev_rg",
            "tags": {
              "cost_center": "jjcontoso research"
            },
            "timeouts": null
          },
          "sensitive_attributes": [],
          "private": "eyJlMmJmYjczMC1lY2FhLTExZTYtOGY4OC0zNDM2M2JjN2M0YzAiOnsiY3JlYXRlIjo1NDAwMDAwMDAwMDAwLCJkZWxldGUiOjU0MDAwMDAwMDAwMDAsInJlYWQiOjMwMDAwMDAwMDAwMCwidXBkYXRlIjo1NDAwMDAwMDAwMDAwfX0="
        },
        {
          "index_key": 1,
          "schema_version": 0,
          "attributes": {
            "id": "/subscriptions/5e2b857b-b03f-4b45-9727-7f26004b8047/resourceGroups/jjcontoso_research_staging_rg",
            "location": "westus2",
            "name": "jjcontoso_research_staging_rg",
            "tags": {
              "cost_center": "jjcontoso research"
            },
            "timeouts": null
          },
          "sensitive_attributes": [],
          "private": "eyJlMmJmYjczMC1lY2FhLTExZTYtOGY4OC0zNDM2M2JjN2M0YzAiOnsiY3JlYXRlIjo1NDAwMDAwMDAwMDAwLCJkZWxldGUiOjU0MDAwMDAwMDAwMDAsInJlYWQiOjMwMDAwMDAwMDAwMCwidXBkYXRlIjo1NDAwMDAwMDAwMDAwfX0="
        },
        {
          "index_key": 2,
          "schema_version": 0,
          "attributes": {
            "id": "/subscriptions/5e2b857b-b03f-4b45-9727-7f26004b8047/resourceGroups/jjcontoso_research_prod_rg",
            "location": "westus2",
            "name": "jjcontoso_research_prod_rg",
            "tags": {
              "cost_center": "jjcontoso research"
            },
            "timeouts": null
          },
          "sensitive_attributes": [],
          "private": "eyJlMmJmYjczMC1lY2FhLTExZTYtOGY4OC0zNDM2M2JjN2M0YzAiOnsiY3JlYXRlIjo1NDAwMDAwMDAwMDAwLCJkZWxldGUiOjU0MDAwMDAwMDAwMDAsInJlYWQiOjMwMDAwMDAwMDAwMCwidXBkYXRlIjo1NDAwMDAwMDAwMDAwfX0="
        }
      ]
    }
  ],
  "check_results": null
}
