{
  "version": 4,
  "terraform_version": "1.5.7",
  "serial": 17,
  "lineage": "9318fe41-7596-64f3-9ae5-71679a601ab8",
  "outputs": {
    "jjcontoso_dev_rg_id": {
      "value": "/subscriptions/5e2b857b-b03f-4b45-9727-7f26004b8047/resourceGroups/jjcontoso_dev_rg",
      "type": "string"
    },
    "jjcontoso_rg_id": {
      "value": "/subscriptions/5e2b857b-b03f-4b45-9727-7f26004b8047/resourceGroups/jjcontoso_rg",
      "type": "string",
      "sensitive": true
    }
  },
  "resources": [
    {
      "mode": "managed",
      "type": "azurerm_resource_group",
      "name": "jjcontoso_dev_rg",
      "provider": "provider[\"registry.terraform.io/hashicorp/azurerm\"]",
      "instances": [
        {
          "schema_version": 0,
          "attributes": {
            "id": "/subscriptions/5e2b857b-b03f-4b45-9727-7f26004b8047/resourceGroups/jjcontoso_dev_rg",
            "location": "westus2",
            "name": "jjcontoso_dev_rg",
            "tags": {
              "cost_center": "jjcontoso research"
            },
            "timeouts": null
          },
          "sensitive_attributes": [],
          "private": "eyJlMmJmYjczMC1lY2FhLTExZTYtOGY4OC0zNDM2M2JjN2M0YzAiOnsiY3JlYXRlIjo1NDAwMDAwMDAwMDAwLCJkZWxldGUiOjU0MDAwMDAwMDAwMDAsInJlYWQiOjMwMDAwMDAwMDAwMCwidXBkYXRlIjo1NDAwMDAwMDAwMDAwfX0="
        }
      ]
    },
    {
      "mode": "managed",
      "type": "azurerm_resource_group",
      "name": "jjcontoso_rg",
      "provider": "provider[\"registry.terraform.io/hashicorp/azurerm\"]",
      "instances": [
        {
          "schema_version": 0,
          "attributes": {
            "id": "/subscriptions/5e2b857b-b03f-4b45-9727-7f26004b8047/resourceGroups/jjcontoso_rg",
            "location": "westus2",
            "name": "jjcontoso_rg",
            "tags": {
              "cost_center": "jjcontoso research"
            },
            "timeouts": null
          },
          "sensitive_attributes": [],
          "private": "eyJlMmJmYjczMC1lY2FhLTExZTYtOGY4OC0zNDM2M2JjN2M0YzAiOnsiY3JlYXRlIjo1NDAwMDAwMDAwMDAwLCJkZWxldGUiOjU0MDAwMDAwMDAwMDAsInJlYWQiOjMwMDAwMDAwMDAwMCwidXBkYXRlIjo1NDAwMDAwMDAwMDAwfX0="
        }
      ]
    }
  ],
  "check_results": null
}
